
Microsoft Visual Studio Solution File, Format Version 12.00
# Visual Studio 2013
VisualStudioVersion = 12.0.21005.1
MinimumVisualStudioVersion = 10.0.40219.1
Project("{FAE04EC0-301F-11D3-BF4B-00C04F79EFBC}") = "ProofOfConcept", "ProofOfConcept\ProofOfConcept.csproj", "{DD19B448-FEB7-40A8-A235-7E23B8D04BBC}"
EndProject
Project("{FAE04EC0-301F-11D3-BF4B-00C04F79EFBC}") = "ProofOfConcept.Tests", "ProofOfConcept.Tests\ProofOfConcept.Tests.csproj", "{61E85667-E783-481E-8F6A-3C9A3BE5B671}"
EndProject
Project("{FAE04EC0-301F-11D3-BF4B-00C04F79EFBC}") = "ProofOfConcept.Selenium", "ProofOfConcept.Selenium\ProofOfConcept.Selenium.csproj", "{E241D265-27A0-4D3D-AEF7-B6B5DD639164}"
EndProject
Global
	GlobalSection(SolutionConfigurationPlatforms) = preSolution
		Debug|Any CPU = Debug|Any CPU
		Release|Any CPU = Release|Any CPU
	EndGlobalSection
	GlobalSection(ProjectConfigurationPlatforms) = postSolution
		{DD19B448-FEB7-40A8-A235-7E23B8D04BBC}.Debug|Any CPU.ActiveCfg = Debug|Any CPU
		{DD19B448-FEB7-40A8-A235-7E23B8D04BBC}.Debug|Any CPU.Build.0 = Debug|Any CPU
		{DD19B448-FEB7-40A8-A235-7E23B8D04BBC}.Release|Any CPU.ActiveCfg = Release|Any CPU
		{DD19B448-FEB7-40A8-A235-7E23B8D04BBC}.Release|Any CPU.Build.0 = Release|Any CPU
		{61E85667-E783-481E-8F6A-3C9A3BE5B671}.Debug|Any CPU.ActiveCfg = Debug|Any CPU
		{61E85667-E783-481E-8F6A-3C9A3BE5B671}.Debug|Any CPU.Build.0 = Debug|Any CPU
		{61E85667-E783-481E-8F6A-3C9A3BE5B671}.Release|Any CPU.ActiveCfg = Release|Any CPU
		{61E85667-E783-481E-8F6A-3C9A3BE5B671}.Release|Any CPU.Build.0 = Release|Any CPU
		{E241D265-27A0-4D3D-AEF7-B6B5DD639164}.Debug|Any CPU.ActiveCfg = Debug|Any CPU
		{E241D265-27A0-4D3D-AEF7-B6B5DD639164}.Debug|Any CPU.Build.0 = Debug|Any CPU
		{E241D265-27A0-4D3D-AEF7-B6B5DD639164}.Release|Any CPU.ActiveCfg = Release|Any CPU
		{E241D265-27A0-4D3D-AEF7-B6B5DD639164}.Release|Any CPU.Build.0 = Release|Any CPU
	EndGlobalSection
	GlobalSection(SolutionProperties) = preSolution
		HideSolutionNode = FALSE
	EndGlobalSection
EndGlobal
